
Microsoft Visual Studio Solution File, Format Version 12.00
# Visual Studio Version 17
VisualStudioVersion = 17.4.33213.308
MinimumVisualStudioVersion = 10.0.40219.1
Project("{FAE04EC0-301F-11D3-BF4B-00C04F79EFBC}") = "Creador de vehículos", "Creador de vehículos.csproj", "{4CAFBA18-DC79-4E1D-8133-D2F66380E3C6}"
EndProject
Global
	GlobalSection(SolutionConfigurationPlatforms) = preSolution
		Debug|Any CPU = Debug|Any CPU
		Release|Any CPU = Release|Any CPU
	EndGlobalSection
	GlobalSection(ProjectConfigurationPlatforms) = postSolution
		{4CAFBA18-DC79-4E1D-8133-D2F66380E3C6}.Debug|Any CPU.ActiveCfg = Debug|Any CPU
		{4CAFBA18-DC79-4E1D-8133-D2F66380E3C6}.Debug|Any CPU.Build.0 = Debug|Any CPU
		{4CAFBA18-DC79-4E1D-8133-D2F66380E3C6}.Release|Any CPU.ActiveCfg = Release|Any CPU
		{4CAFBA18-DC79-4E1D-8133-D2F66380E3C6}.Release|Any CPU.Build.0 = Release|Any CPU
	EndGlobalSection
	GlobalSection(SolutionProperties) = preSolution
		HideSolutionNode = FALSE
	EndGlobalSection
	GlobalSection(ExtensibilityGlobals) = postSolution
		SolutionGuid = {04774A75-48FA-4091-A841-FF0A46DB7F45}
	EndGlobalSection
EndGlobal
