
Microsoft Visual Studio Solution File, Format Version 12.00
# Visual Studio Version 17
VisualStudioVersion = 17.14.36301.6 d17.14
MinimumVisualStudioVersion = 10.0.40219.1
Project("{FAE04EC0-301F-11D3-BF4B-00C04F79EFBC}") = "1-20", "1-20\1-20.csproj", "{201BF7BB-4D45-4512-812D-F90A95558628}"
EndProject
Global
	GlobalSection(SolutionConfigurationPlatforms) = preSolution
		Debug|Any CPU = Debug|Any CPU
		Release|Any CPU = Release|Any CPU
	EndGlobalSection
	GlobalSection(ProjectConfigurationPlatforms) = postSolution
		{201BF7BB-4D45-4512-812D-F90A95558628}.Debug|Any CPU.ActiveCfg = Debug|Any CPU
		{201BF7BB-4D45-4512-812D-F90A95558628}.Debug|Any CPU.Build.0 = Debug|Any CPU
		{201BF7BB-4D45-4512-812D-F90A95558628}.Release|Any CPU.ActiveCfg = Release|Any CPU
		{201BF7BB-4D45-4512-812D-F90A95558628}.Release|Any CPU.Build.0 = Release|Any CPU
	EndGlobalSection
	GlobalSection(SolutionProperties) = preSolution
		HideSolutionNode = FALSE
	EndGlobalSection
	GlobalSection(ExtensibilityGlobals) = postSolution
		SolutionGuid = {F5F50F70-4208-4C28-97C8-8664E2EC7140}
	EndGlobalSection
EndGlobal
